{
  "name": "cafe-website",
  "lockfileVersion": 3,
  "requires": true,
  "packages": {
    "": {
      "dependencies": {
        "website-carbon-meter": "^1.0.7"
      }
    },
    "node_modules/@tgwf/co2": {
      "version": "0.15.0",
      "resolved": "https://registry.npmjs.org/@tgwf/co2/-/co2-0.15.0.tgz",
      "integrity": "sha512-H3Y+gw+GqRqzLj3rFZNfxHMSi2WpL3eCnnJqs9vOZHUM7/t+aaIG8WheV9PlILMat2bXXCk0hkJJTEW/NFDmTw==",
      "engines": {
        "node": ">=14.0.0"
      }
    },
    "node_modules/website-carbon-meter": {
      "version": "1.0.7",
      "resolved": "https://registry.npmjs.org/website-carbon-meter/-/website-carbon-meter-1.0.7.tgz",
      "integrity": "sha512-d6sWiXQvCys3YtJ+wDq2Im0BoRtyHB4Wo33qRM2vAypYdsOqI4ocn/xzz97ilED6hS9XJPH9QTm6fY6SyLws/Q==",
      "dependencies": {
        "@tgwf/co2": "^0.15.0"
      }
    }
  }
}
