{
  "name": "cafe-website",
  "lockfileVersion": 3,
  "requires": true,
  "packages": {
    "": {
      "dependencies": {
        "website-carbon-badge": "../packages/website-carbon-badge"
      }
    },
    "../packages/website-carbon-badge": {
      "version": "1.0.0",
      "license": "MIT",
      "dependencies": {
        "website-carbon-meter": "../website-carbon-meter"
      },
      "devDependencies": {
        "@custom-elements-manifest/analyzer": "^0.10.3",
        "custom-element-jet-brains-integration": "^1.6.2",
        "custom-elements-manifest": "^2.1.0",
        "ssri": "^11.0.0",
        "typescript": "^5.6.2",
        "validate-package-exports": "^0.6.1",
        "vite": "^5.4.6"
      }
    },
    "../packages/website-carbon-meter": {
      "version": "1.0.9",
      "extraneous": true,
      "license": "MIT",
      "dependencies": {
        "@tgwf/co2": "^0.15.0"
      },
      "devDependencies": {
        "ssri": "^11.0.0",
        "validate-package-exports": "^0.6.1",
        "vite": "^5.4.5"
      }
    },
    "../src/carbon-badge": {
      "name": "website-carbon-badge",
      "version": "1.0.0",
      "extraneous": true,
      "license": "MIT",
      "dependencies": {
        "carbon-meter": "../carbon-meter"
      },
      "devDependencies": {
        "validate-package-exports": "^0.6.1",
        "vite": "^5.4.6"
      }
    },
    "../src/website-carbon-badge": {
      "version": "1.0.0",
      "extraneous": true,
      "license": "MIT",
      "dependencies": {
        "website-carbon-meter": "../website-carbon-meter"
      },
      "devDependencies": {
        "@custom-elements-manifest/analyzer": "^0.10.3",
        "custom-elements-manifest": "^2.1.0",
        "validate-package-exports": "^0.6.1",
        "vite": "^5.4.6"
      }
    },
    "../src/website-carbon-meter": {
      "version": "1.0.7",
      "extraneous": true,
      "license": "MIT",
      "dependencies": {
        "@tgwf/co2": "^0.15.0"
      },
      "devDependencies": {
        "validate-package-exports": "^0.6.1",
        "vite": "^5.4.5"
      }
    },
    "../website-carbon-badge": {
      "extraneous": true
    },
    "node_modules/website-carbon-badge": {
      "resolved": "../packages/website-carbon-badge",
      "link": true
    }
  }
}
